// !$*UTF8*$!
{
	archiveVersion = 1;
	classes = {
	};
	objectVersion = 46;
	objects = {

/* Begin PBXBuildFile section */
		F2AD551B1B012AE900E82A25 /* AppDelegate.swift in Sources */ = {isa = PBXBuildFile; fileRef = F2AD551A1B012AE900E82A25 /* AppDelegate.swift */; };
		F2AD551D1B012AE900E82A25 /* ViewController.swift in Sources */ = {isa = PBXBuildFile; fileRef = F2AD551C1B012AE900E82A25 /* ViewController.swift */; };
		F2AD55201B012AE900E82A25 /* Main.storyboard in Resources */ = {isa = PBXBuildFile; fileRef = F2AD551E1B012AE900E82A25 /* Main.storyboard */; };
		F2AD55221B012AE900E82A25 /* Images.xcassets in Resources */ = {isa = PBXBuildFile; fileRef = F2AD55211B012AE900E82A25 /* Images.xcassets */; };
		F2AD55251B012AE900E82A25 /* LaunchScreen.xib in Resources */ = {isa = PBXBuildFile; fileRef = F2AD55231B012AE900E82A25 /* LaunchScreen.xib */; };
		F2AD55311B012AE900E82A25 /* FacerReplacerTests.swift in Sources */ = {isa = PBXBuildFile; fileRef = F2AD55301B012AE900E82A25 /* FacerReplacerTests.swift */; };
/* End PBXBuildFile section */

/* Begin PBXContainerItemProxy section */
		F2AD552B1B012AE900E82A25 /* PBXContainerItemProxy */ = {
			isa = PBXContainerItemProxy;
			containerPortal = F2AD550D1B012AE900E82A25 /* Project object */;
			proxyType = 1;
			remoteGlobalIDString = F2AD55141B012AE900E82A25;
			remoteInfo = FacerReplacer;
		};
/* End PBXContainerItemProxy section */

/* Begin PBXFileReference section */
		F2AD55151B012AE900E82A25 /* FacerReplacer.app */ = {isa = PBXFileReference; explicitFileType = wrapper.application; includeInIndex = 0; path = FacerReplacer.app; sourceTree = BUILT_PRODUCTS_DIR; };
		F2AD55191B012AE900E82A25 /* Info.plist */ = {isa = PBXFileReference; lastKnownFileType = text.plist.xml; path = Info.plist; sourceTree = "<group>"; };
		F2AD551A1B012AE900E82A25 /* AppDelegate.swift */ = {isa = PBXFileReference; lastKnownFileType = sourcecode.swift; path = AppDelegate.swift; sourceTree = "<group>"; };
		F2AD551C1B012AE900E82A25 /* ViewController.swift */ = {isa = PBXFileReference; lastKnownFileType = sourcecode.swift; path = ViewController.swift; sourceTree = "<group>"; };
		F2AD551F1B012AE900E82A25 /* Base */ = {isa = PBXFileReference; lastKnownFileType = file.storyboard; name = Base; path = Base.lproj/Main.storyboard; sourceTree = "<group>"; };
		F2AD55211B012AE900E82A25 /* Images.xcassets */ = {isa = PBXFileReference; lastKnownFileType = folder.assetcatalog; path = Images.xcassets; sourceTree = "<group>"; };
		F2AD55241B012AE900E82A25 /* Base */ = {isa = PBXFileReference; lastKnownFileType = file.xib; name = Base; path = Base.lproj/LaunchScreen.xib; sourceTree = "<group>"; };
		F2AD552A1B012AE900E82A25 /* FacerReplacerTests.xctest */ = {isa = PBXFileReference; explicitFileType = wrapper.cfbundle; includeInIndex = 0; path = FacerReplacerTests.xctest; sourceTree = BUILT_PRODUCTS_DIR; };
		F2AD552F1B012AE900E82A25 /* Info.plist */ = {isa = PBXFileReference; lastKnownFileType = text.plist.xml; path = Info.plist; sourceTree = "<group>"; };
		F2AD55301B012AE900E82A25 /* FacerReplacerTests.swift */ = {isa = PBXFileReference; lastKnownFileType = sourcecode.swift; path = FacerReplacerTests.swift; sourceTree = "<group>"; };
/* End PBXFileReference section */

/* Begin PBXFrameworksBuildPhase section */
		F2AD55121B012AE900E82A25 /* Frameworks */ = {
			isa = PBXFrameworksBuildPhase;
			buildActionMask = 2147483647;
			files = (
			);
			runOnlyForDeploymentPostprocessing = 0;
		};
		F2AD55271B012AE900E82A25 /* Frameworks */ = {
			isa = PBXFrameworksBuildPhase;
			buildActionMask = 2147483647;
			files = (
			);
			runOnlyForDeploymentPostprocessing = 0;
		};
/* End PBXFrameworksBuildPhase section */

/* Begin PBXGroup section */
		F2AD550C1B012AE900E82A25 = {
			isa = PBXGroup;
			children = (
				F2AD55171B012AE900E82A25 /* FacerReplacer */,
				F2AD552D1B012AE900E82A25 /* FacerReplacerTests */,
				F2AD55161B012AE900E82A25 /* Products */,
			);
			sourceTree = "<group>";
		};
		F2AD55161B012AE900E82A25 /* Products */ = {
			isa = PBXGroup;
			children = (
				F2AD55151B012AE900E82A25 /* FacerReplacer.app */,
				F2AD552A1B012AE900E82A25 /* FacerReplacerTests.xctest */,
			);
			name = Products;
			sourceTree = "<group>";
		};
		F2AD55171B012AE900E82A25 /* FacerReplacer */ = {
			isa = PBXGroup;
			children = (
				F2AD551A1B012AE900E82A25 /* AppDelegate.swift */,
				F2AD551C1B012AE900E82A25 /* ViewController.swift */,
				F2AD551E1B012AE900E82A25 /* Main.storyboard */,
				F2AD55211B012AE900E82A25 /* Images.xcassets */,
				F2AD55231B012AE900E82A25 /* LaunchScreen.xib */,
				F2AD55181B012AE900E82A25 /* Supporting Files */,
			);
			path = FacerReplacer;
			sourceTree = "<group>";
		};
		F2AD55181B012AE900E82A25 /* Supporting Files */ = {
			isa = PBXGroup;
			children = (
				F2AD55191B012AE900E82A25 /* Info.plist */,
			);
			name = "Supporting Files";
			sourceTree = "<group>";
		};
		F2AD552D1B012AE900E82A25 /* FacerReplacerTests */ = {
			isa = PBXGroup;
			children = (
				F2AD55301B012AE900E82A25 /* FacerReplacerTests.swift */,
				F2AD552E1B012AE900E82A25 /* Supporting Files */,
			);
			path = FacerReplacerTests;
			sourceTree = "<group>";
		};
		F2AD552E1B012AE900E82A25 /* Supporting Files */ = {
			isa = PBXGroup;
			children = (
				F2AD552F1B012AE900E82A25 /* Info.plist */,
			);
			name = "Supporting Files";
			sourceTree = "<group>";
		};
/* End PBXGroup section */

/* Begin PBXNativeTarget section */
		F2AD55141B012AE900E82A25 /* FacerReplacer */ = {
			isa = PBXNativeTarget;
			buildConfigurationList = F2AD55341B012AE900E82A25 /* Build configuration list for PBXNativeTarget "FacerReplacer" */;
			buildPhases = (
				F2AD55111B012AE900E82A25 /* Sources */,
				F2AD55121B012AE900E82A25 /* Frameworks */,
				F2AD55131B012AE900E82A25 /* Resources */,
			);
			buildRules = (
			);
			dependencies = (
			);
			name = FacerReplacer;
			productName = FacerReplacer;
			productReference = F2AD55151B012AE900E82A25 /* FacerReplacer.app */;
			productType = "com.apple.product-type.application";
		};
		F2AD55291B012AE900E82A25 /* FacerReplacerTests */ = {
			isa = PBXNativeTarget;
			buildConfigurationList = F2AD55371B012AE900E82A25 /* Build configuration list for PBXNativeTarget "FacerReplacerTests" */;
			buildPhases = (
				F2AD55261B012AE900E82A25 /* Sources */,
				F2AD55271B012AE900E82A25 /* Frameworks */,
				F2AD55281B012AE900E82A25 /* Resources */,
			);
			buildRules = (
			);
			dependencies = (
				F2AD552C1B012AE900E82A25 /* PBXTargetDependency */,
			);
			name = FacerReplacerTests;
			productName = FacerReplacerTests;
			productReference = F2AD552A1B012AE900E82A25 /* FacerReplacerTests.xctest */;
			productType = "com.apple.product-type.bundle.unit-test";
		};
/* End PBXNativeTarget section */

/* Begin PBXProject section */
		F2AD550D1B012AE900E82A25 /* Project object */ = {
			isa = PBXProject;
			attributes = {
				LastUpgradeCheck = 0630;
				ORGANIZATIONNAME = ManeeCorp;
				TargetAttributes = {
					F2AD55141B012AE900E82A25 = {
						CreatedOnToolsVersion = 6.3.1;
					};
					F2AD55291B012AE900E82A25 = {
						CreatedOnToolsVersion = 6.3.1;
						TestTargetID = F2AD55141B012AE900E82A25;
					};
				};
			};
			buildConfigurationList = F2AD55101B012AE900E82A25 /* Build configuration list for PBXProject "FacerReplacer" */;
			compatibilityVersion = "Xcode 3.2";
			developmentRegion = English;
			hasScannedForEncodings = 0;
			knownRegions = (
				en,
				Base,
			);
			mainGroup = F2AD550C1B012AE900E82A25;
			productRefGroup = F2AD55161B012AE900E82A25 /* Products */;
			projectDirPath = "";
			projectRoot = "";
			targets = (
				F2AD55141B012AE900E82A25 /* FacerReplacer */,
				F2AD55291B012AE900E82A25 /* FacerReplacerTests */,
			);
		};
/* End PBXProject section */

/* Begin PBXResourcesBuildPhase section */
		F2AD55131B012AE900E82A25 /* Resources */ = {
			isa = PBXResourcesBuildPhase;
			buildActionMask = 2147483647;
			files = (
				F2AD55201B012AE900E82A25 /* Main.storyboard in Resources */,
				F2AD55251B012AE900E82A25 /* LaunchScreen.xib in Resources */,
				F2AD55221B012AE900E82A25 /* Images.xcassets in Resources */,
			);
			runOnlyForDeploymentPostprocessing = 0;
		};
		F2AD55281B012AE900E82A25 /* Resources */ = {
			isa = PBXResourcesBuildPhase;
			buildActionMask = 2147483647;
			files = (
			);
			runOnlyForDeploymentPostprocessing = 0;
		};
/* End PBXResourcesBuildPhase section */

/* Begin PBXSourcesBuildPhase section */
		F2AD55111B012AE900E82A25 /* Sources */ = {
			isa = PBXSourcesBuildPhase;
			buildActionMask = 2147483647;
			files = (
				F2AD551D1B012AE900E82A25 /* ViewController.swift in Sources */,
				F2AD551B1B012AE900E82A25 /* AppDelegate.swift in Sources */,
			);
			runOnlyForDeploymentPostprocessing = 0;
		};
		F2AD55261B012AE900E82A25 /* Sources */ = {
			isa = PBXSourcesBuildPhase;
			buildActionMask = 2147483647;
			files = (
				F2AD55311B012AE900E82A25 /* FacerReplacerTests.swift in Sources */,
			);
			runOnlyForDeploymentPostprocessing = 0;
		};
/* End PBXSourcesBuildPhase section */

/* Begin PBXTargetDependency section */
		F2AD552C1B012AE900E82A25 /* PBXTargetDependency */ = {
			isa = PBXTargetDependency;
			target = F2AD55141B012AE900E82A25 /* FacerReplacer */;
			targetProxy = F2AD552B1B012AE900E82A25 /* PBXContainerItemProxy */;
		};
/* End PBXTargetDependency section */

/* Begin PBXVariantGroup section */
		F2AD551E1B012AE900E82A25 /* Main.storyboard */ = {
			isa = PBXVariantGroup;
			children = (
				F2AD551F1B012AE900E82A25 /* Base */,
			);
			name = Main.storyboard;
			sourceTree = "<group>";
		};
		F2AD55231B012AE900E82A25 /* LaunchScreen.xib */ = {
			isa = PBXVariantGroup;
			children = (
				F2AD55241B012AE900E82A25 /* Base */,
			);
			name = LaunchScreen.xib;
			sourceTree = "<group>";
		};
/* End PBXVariantGroup section */

/* Begin XCBuildConfiguration section */
		F2AD55321B012AE900E82A25 /* Debug */ = {
			isa = XCBuildConfiguration;
			buildSettings = {
				ALWAYS_SEARCH_USER_PATHS = NO;
				CLANG_CXX_LANGUAGE_STANDARD = "gnu++0x";
				CLANG_CXX_LIBRARY = "libc++";
				CLANG_ENABLE_MODULES = YES;
				CLANG_ENABLE_OBJC_ARC = YES;
				CLANG_WARN_BOOL_CONVERSION = YES;
				CLANG_WARN_CONSTANT_CONVERSION = YES;
				CLANG_WARN_DIRECT_OBJC_ISA_USAGE = YES_ERROR;
				CLANG_WARN_EMPTY_BODY = YES;
				CLANG_WARN_ENUM_CONVERSION = YES;
				CLANG_WARN_INT_CONVERSION = YES;
				CLANG_WARN_OBJC_ROOT_CLASS = YES_ERROR;
				CLANG_WARN_UNREACHABLE_CODE = YES;
				CLANG_WARN__DUPLICATE_METHOD_MATCH = YES;
				"CODE_SIGN_IDENTITY[sdk=iphoneos*]" = "iPhone Developer";
				COPY_PHASE_STRIP = NO;
				DEBUG_INFORMATION_FORMAT = "dwarf-with-dsym";
				ENABLE_STRICT_OBJC_MSGSEND = YES;
				GCC_C_LANGUAGE_STANDARD = gnu99;
				GCC_DYNAMIC_NO_PIC = NO;
				GCC_NO_COMMON_BLOCKS = YES;
				GCC_OPTIMIZATION_LEVEL = 0;
				GCC_PREPROCESSOR_DEFINITIONS = (
					"DEBUG=1",
					"$(inherited)",
				);
				GCC_SYMBOLS_PRIVATE_EXTERN = NO;
				GCC_WARN_64_TO_32_BIT_CONVERSION = YES;
				GCC_WARN_ABOUT_RETURN_TYPE = YES_ERROR;
				GCC_WARN_UNDECLARED_SELECTOR = YES;
				GCC_WARN_UNINITIALIZED_AUTOS = YES_AGGRESSIVE;
				GCC_WARN_UNUSED_FUNCTION = YES;
				GCC_WARN_UNUSED_VARIABLE = YES;
				IPHONEOS_DEPLOYMENT_TARGET = 8.3;
				MTL_ENABLE_DEBUG_INFO = YES;
				ONLY_ACTIVE_ARCH = YES;
				SDKROOT = iphoneos;
				SWIFT_OPTIMIZATION_LEVEL = "-Onone";
				TARGETED_DEVICE_FAMILY = "1,2";
			};
			name = Debug;
		};
		F2AD55331B012AE900E82A25 /* Release */ = {
			isa = XCBuildConfiguration;
			buildSettings = {
				ALWAYS_SEARCH_USER_PATHS = NO;
				CLANG_CXX_LANGUAGE_STANDARD = "gnu++0x";
				CLANG_CXX_LIBRARY = "libc++";
				CLANG_ENABLE_MODULES = YES;
				CLANG_ENABLE_OBJC_ARC = YES;
				CLANG_WARN_BOOL_CONVERSION = YES;
				CLANG_WARN_CONSTANT_CONVERSION = YES;
				CLANG_WARN_DIRECT_OBJC_ISA_USAGE = YES_ERROR;
				CLANG_WARN_EMPTY_BODY = YES;
				CLANG_WARN_ENUM_CONVERSION = YES;
				CLANG_WARN_INT_CONVERSION = YES;
				CLANG_WARN_OBJC_ROOT_CLASS = YES_ERROR;
				CLANG_WARN_UNREACHABLE_CODE = YES;
				CLANG_WARN__DUPLICATE_METHOD_MATCH = YES;
				"CODE_SIGN_IDENTITY[sdk=iphoneos*]" = "iPhone Developer";
				COPY_PHASE_STRIP = NO;
				DEBUG_INFORMATION_FORMAT = "dwarf-with-dsym";
				ENABLE_NS_ASSERTIONS = NO;
				ENABLE_STRICT_OBJC_MSGSEND = YES;
				GCC_C_LANGUAGE_STANDARD = gnu99;
				GCC_NO_COMMON_BLOCKS = YES;
				GCC_WARN_64_TO_32_BIT_CONVERSION = YES;
				GCC_WARN_ABOUT_RETURN_TYPE = YES_ERROR;
				GCC_WARN_UNDECLARED_SELECTOR = YES;
				GCC_WARN_UNINITIALIZED_AUTOS = YES_AGGRESSIVE;
				GCC_WARN_UNUSED_FUNCTION = YES;
				GCC_WARN_UNUSED_VARIABLE = YES;
				IPHONEOS_DEPLOYMENT_TARGET = 8.3;
				MTL_ENABLE_DEBUG_INFO = NO;
				SDKROOT = iphoneos;
				TARGETED_DEVICE_FAMILY = "1,2";
				VALIDATE_PRODUCT = YES;
			};
			name = Release;
		};
		F2AD55351B012AE900E82A25 /* Debug */ = {
			isa = XCBuildConfiguration;
			buildSettings = {
				ASSETCATALOG_COMPILER_APPICON_NAME = AppIcon;
				INFOPLIST_FILE = FacerReplacer/Info.plist;
				LD_RUNPATH_SEARCH_PATHS = "$(inherited) @executable_path/Frameworks";
				PRODUCT_NAME = "$(TARGET_NAME)";
			};
			name = Debug;
		};
		F2AD55361B012AE900E82A25 /* Release */ = {
			isa = XCBuildConfiguration;
			buildSettings = {
				ASSETCATALOG_COMPILER_APPICON_NAME = AppIcon;
				INFOPLIST_FILE = FacerReplacer/Info.plist;
				LD_RUNPATH_SEARCH_PATHS = "$(inherited) @executable_path/Frameworks";
				PRODUCT_NAME = "$(TARGET_NAME)";
			};
			name = Release;
		};
		F2AD55381B012AE900E82A25 /* Debug */ = {
			isa = XCBuildConfiguration;
			buildSettings = {
				BUNDLE_LOADER = "$(TEST_HOST)";
				FRAMEWORK_SEARCH_PATHS = (
					"$(SDKROOT)/Developer/Library/Frameworks",
					"$(inherited)",
				);
				GCC_PREPROCESSOR_DEFINITIONS = (
					"DEBUG=1",
					"$(inherited)",
				);
				INFOPLIST_FILE = FacerReplacerTests/Info.plist;
				LD_RUNPATH_SEARCH_PATHS = "$(inherited) @executable_path/Frameworks @loader_path/Frameworks";
				PRODUCT_NAME = "$(TARGET_NAME)";
				TEST_HOST = "$(BUILT_PRODUCTS_DIR)/FacerReplacer.app/FacerReplacer";
			};
			name = Debug;
		};
		F2AD55391B012AE900E82A25 /* Release */ = {
			isa = XCBuildConfiguration;
			buildSettings = {
				BUNDLE_LOADER = "$(TEST_HOST)";
				FRAMEWORK_SEARCH_PATHS = (
					"$(SDKROOT)/Developer/Library/Frameworks",
					"$(inherited)",
				);
				INFOPLIST_FILE = FacerReplacerTests/Info.plist;
				LD_RUNPATH_SEARCH_PATHS = "$(inherited) @executable_path/Frameworks @loader_path/Frameworks";
				PRODUCT_NAME = "$(TARGET_NAME)";
				TEST_HOST = "$(BUILT_PRODUCTS_DIR)/FacerReplacer.app/FacerReplacer";
			};
			name = Release;
		};
/* End XCBuildConfiguration section */

/* Begin XCConfigurationList section */
		F2AD55101B012AE900E82A25 /* Build configuration list for PBXProject "FacerReplacer" */ = {
			isa = XCConfigurationList;
			buildConfigurations = (
				F2AD55321B012AE900E82A25 /* Debug */,
				F2AD55331B012AE900E82A25 /* Release */,
			);
			defaultConfigurationIsVisible = 0;
			defaultConfigurationName = Release;
		};
		F2AD55341B012AE900E82A25 /* Build configuration list for PBXNativeTarget "FacerReplacer" */ = {
			isa = XCConfigurationList;
			buildConfigurations = (
				F2AD55351B012AE900E82A25 /* Debug */,
				F2AD55361B012AE900E82A25 /* Release */,
			);
			defaultConfigurationIsVisible = 0;
		};
		F2AD55371B012AE900E82A25 /* Build configuration list for PBXNativeTarget "FacerReplacerTests" */ = {
			isa = XCConfigurationList;
			buildConfigurations = (
				F2AD55381B012AE900E82A25 /* Debug */,
				F2AD55391B012AE900E82A25 /* Release */,
			);
			defaultConfigurationIsVisible = 0;
		};
/* End XCConfigurationList section */
	};
	rootObject = F2AD550D1B012AE900E82A25 /* Project object */;
}
